#MicroXplorer Configuration settings - do not modify
PE12.GPIO_ModeDefaultOutputPP=GPIO_MODE_OUTPUT_PP
PC15/OSC32_OUT.GPIO_ModeDefaultOutputPP=GPIO_MODE_OUTPUT_PP
PG8.GPIO_ModeDefaultOutputPP=GPIO_MODE_OUTPUT_PP
RCC.USART1Freq_Value=25000000
PE14.GPIO_Speed=GPIO_SPEED_FREQ_LOW
PG6.PinState=GPIO_PIN_SET
PE11.GPIOParameters=GPIO_Speed,PinState,GPIO_PuPd,GPIO_Label,GPIO_ModeDefaultOutputPP
PG2.GPIO_PuPd=GPIO_NOPULL
PG4.Signal=GPIO_Output
PG8.Signal=GPIO_Output
PG4.Locked=true
PG8.Locked=true
ADC1.SamplingTime-6\#ChannelRegularConversion=ADC_SAMPLETIME_15CYCLES
RCC.PLLCLKFreq_Value=150000000
PG6.GPIO_Label=A2_2
RCC.PLLQCLKFreq_Value=150000000
PE8.GPIO_PuPd=GPIO_NOPULL
PG3.GPIOParameters=GPIO_Speed,PinState,GPIO_PuPd,GPIO_Label,GPIO_ModeDefaultOutputPP
PA3.GPIO_PuPd=GPIO_NOPULL
PC15/OSC32_OUT.GPIO_PuPd=GPIO_NOPULL
PE11.PinState=GPIO_PIN_SET
PA3.GPIOParameters=GPIO_Speed,PinState,GPIO_PuPd,GPIO_Label,GPIO_ModeDefaultOutputPP
PE10.GPIO_PuPd=GPIO_NOPULL
PA6.GPIO_Label=A1_0
PG5.GPIO_ModeDefaultOutputPP=GPIO_MODE_OUTPUT_PP
PA3.GPIO_Speed=GPIO_SPEED_FREQ_LOW
PA5.PinState=GPIO_PIN_SET
PA2.GPIOParameters=GPIO_Speed,PinState,GPIO_PuPd,GPIO_Label,GPIO_ModeDefaultOutputPP
PG2.GPIOParameters=GPIO_Speed,PinState,GPIO_PuPd,GPIO_Label,GPIO_ModeDefaultOutputPP
PinOutPanel.RotationAngle=0
ADC1.Channel-8\#ChannelRegularConversion=ADC_CHANNEL_13
RCC.SYSCLKSource=RCC_SYSCLKSOURCE_HSE
RCC.LPTIM1Freq_Value=25000000
NVIC.SVCall_IRQn=true\:0\:0\:false\:false\:true\:false\:false
ADC1.Channel-5\#ChannelRegularConversion=ADC_CHANNEL_10
PC13.GPIO_ModeDefaultOutputPP=GPIO_MODE_OUTPUT_PP
RCC.LCDTFTFreq_Value=75000000
PF1.GPIO_ModeDefaultOutputPP=GPIO_MODE_OUTPUT_PP
RCC.I2C4Freq_Value=25000000
TIM2.IPParameters=ClockDivision,Prescaler,Period,AutoReloadPreload
PG2.GPIO_ModeDefaultOutputPP=GPIO_MODE_OUTPUT_PP
RCC.APB2TimFreq_Value=25000000
PH1/OSC_OUT.Signal=RCC_OSC_OUT
PC3.Signal=ADCx_IN13
RCC.SAI2Freq_Value=150000000
VP_TIM2_VS_ClockSourceINT.Signal=TIM2_VS_ClockSourceINT
PE10.Locked=true
PA1.GPIO_PuPd=GPIO_NOPULL
PE14.Locked=true
RCC.USART3Freq_Value=25000000
RCC.PLLSAIRCLKFreq_Value=150000000
ProjectManager.ProjectBuild=false
NVIC.UsageFault_IRQn=true\:0\:0\:false\:false\:true\:false\:false
ADC1.ScanConvMode=ADC_SCAN_ENABLE
PA4.Locked=true
PF1.GPIO_Label=A3_1
ProjectManager.FirmwarePackage=STM32Cube FW_F7 V1.16.1
MxDb.Version=DB.6.0.21
PG6.GPIO_PuPd=GPIO_NOPULL
PA1.GPIOParameters=GPIO_Speed,PinState,GPIO_PuPd,GPIO_Label,GPIO_ModeDefaultOutputPP
ProjectManager.BackupPrevious=false
PE9.Signal=GPIO_Output
PE9.Locked=true
PA5.GPIO_PuPd=GPIO_NOPULL
NVIC.TIM2_IRQn=true\:0\:0\:false\:false\:true\:true\:true
PG4.GPIO_Label=A4_2
SH.ADCx_IN11.ConfNb=1
PF2.Locked=true
NVIC.PendSV_IRQn=true\:0\:0\:false\:false\:true\:false\:false
PC15/OSC32_OUT.Locked=true
PF3.Signal=GPIO_Output
PF1.GPIO_Speed=GPIO_SPEED_FREQ_LOW
PE10.Signal=GPIO_Output
ProjectManager.HalAssertFull=false
RCC.MCO2PinFreq_Value=25000000
PF4.GPIO_ModeDefaultOutputPP=GPIO_MODE_OUTPUT_PP
Mcu.Package=LQFP144
TIM2.Prescaler=25000-1
PA5.Locked=true
NVIC.TimeBase=TIM1_UP_TIM10_IRQn
PA2.GPIO_ModeDefaultOutputPP=GPIO_MODE_OUTPUT_PP
PG5.GPIOParameters=GPIO_Speed,PinState,GPIO_PuPd,GPIO_Label,GPIO_ModeDefaultOutputPP
PE10.GPIOParameters=GPIO_Speed,PinState,GPIO_PuPd,GPIO_Label,GPIO_ModeDefaultOutputPP
PC14/OSC32_IN.GPIO_PuPd=GPIO_NOPULL
PA14.Locked=true
PF3.GPIO_Speed=GPIO_SPEED_FREQ_LOW
NVIC.TimeBaseIP=TIM1
PF3.GPIO_PuPd=GPIO_NOPULL
PE12.GPIO_Label=A2_3
RCC.DFSDMFreq_Value=25000000
PA1.PinState=GPIO_PIN_RESET
PA5.GPIOParameters=GPIO_Speed,PinState,GPIO_PuPd,GPIO_Label,GPIO_ModeDefaultOutputPP
PE12.GPIO_Speed=GPIO_SPEED_FREQ_LOW
PA6.GPIO_ModeDefaultOutputPP=GPIO_MODE_OUTPUT_PP
PE8.GPIO_Speed=GPIO_SPEED_FREQ_LOW
PG8.GPIO_Speed=GPIO_SPEED_FREQ_LOW
RCC.CECFreq_Value=32786.88524590164
RCC.APB1TimFreq_Value=25000000
NVIC.BusFault_IRQn=true\:0\:0\:false\:false\:true\:false\:false
PC14/OSC32_IN.GPIO_Label=WR_1
PA6.GPIO_Speed=GPIO_SPEED_FREQ_LOW
RCC.DFSDMAudioFreq_Value=150000000
PE10.GPIO_Label=A4_3
CAN1.CalculateTimeBit=1279.99
PA4.GPIO_Label=A3_0
ProjectManager.CustomerFirmwarePackage=
PF4.GPIOParameters=GPIO_Speed,PinState,GPIO_PuPd,GPIO_Label,GPIO_ModeDefaultOutputPP
RCC.PLLSAIQCLKFreq_Value=150000000
PG6.GPIO_Speed=GPIO_SPEED_FREQ_LOW
PE12.GPIO_PuPd=GPIO_NOPULL
CAN1.CalculateTimeQuantum=426.6666666666667
PA6.GPIOParameters=GPIO_Speed,PinState,GPIO_PuPd,GPIO_Label,GPIO_ModeDefaultOutputPP
PA0/WKUP.GPIOParameters=GPIO_Speed,PinState,GPIO_PuPd,GPIO_Label,GPIO_ModeDefaultOutputPP
RCC.PLLQoutputFreq_Value=150000000
ProjectManager.ProjectFileName=Temperaturauswertung.ioc
PA0/WKUP.PinState=GPIO_PIN_RESET
PA3.GPIO_ModeDefaultOutputPP=GPIO_MODE_OUTPUT_PP
Mcu.PinsNb=44
PG9.GPIO_PuPd=GPIO_NOPULL
PE11.GPIO_Speed=GPIO_SPEED_FREQ_LOW
ADC1.IPParameters=Rank-5\#ChannelRegularConversion,master,Channel-5\#ChannelRegularConversion,SamplingTime-5\#ChannelRegularConversion,NbrOfConversionFlag,ScanConvMode,ContinuousConvMode,Rank-6\#ChannelRegularConversion,Channel-6\#ChannelRegularConversion,SamplingTime-6\#ChannelRegularConversion,Rank-7\#ChannelRegularConversion,Channel-7\#ChannelRegularConversion,SamplingTime-7\#ChannelRegularConversion,Rank-8\#ChannelRegularConversion,Channel-8\#ChannelRegularConversion,SamplingTime-8\#ChannelRegularConversion,NbrOfConversion,ClockPrescaler
PC13.Locked=true
PG5.Locked=true
PG9.Locked=true
PG5.Signal=GPIO_Output
PG9.Signal=GPIO_Output
PC13.Signal=GPIO_Output
PG3.Locked=true
CAN1.IPParameters=CalculateTimeQuantum,CalculateTimeBit,CalculateBaudRate,BS1,BS2
PA0/WKUP.GPIO_ModeDefaultOutputPP=GPIO_MODE_OUTPUT_PP
CAN1.CalculateBaudRate=781250
PC2.Signal=ADCx_IN12
PA6.PinState=GPIO_PIN_SET
RCC.UART8Freq_Value=25000000
PC0.Signal=ADCx_IN10
PF2.PinState=GPIO_PIN_SET
ADC1.Channel-7\#ChannelRegularConversion=ADC_CHANNEL_12
PG8.GPIO_PuPd=GPIO_NOPULL
PG2.PinState=GPIO_PIN_RESET
PG5.PinState=GPIO_PIN_SET
RCC.USART6Freq_Value=25000000
PC14/OSC32_IN.GPIO_ModeDefaultOutputPP=GPIO_MODE_OUTPUT_PP
PE8.GPIO_Label=WR_3
PG7.PinState=GPIO_PIN_SET
PE9.GPIO_Label=CS_3
PF3.GPIOParameters=GPIO_Speed,PinState,GPIO_PuPd,GPIO_Label,GPIO_ModeDefaultOutputPP
PC14/OSC32_IN.GPIOParameters=GPIO_PuPd,GPIO_Label,GPIO_ModeDefaultOutputPP
PG6.GPIOParameters=GPIO_Speed,PinState,GPIO_PuPd,GPIO_Label,GPIO_ModeDefaultOutputPP
PA5.Signal=GPIO_Output
Mcu.Pin40=PA14
Mcu.Pin41=PG9
PE13.GPIOParameters=GPIO_Speed,PinState,GPIO_PuPd,GPIO_Label,GPIO_ModeDefaultOutputPP
Mcu.Pin42=VP_SYS_VS_tim1
Mcu.Pin43=VP_TIM2_VS_ClockSourceINT
PF4.PinState=GPIO_PIN_SET
ProjectManager.LastFirmware=true
PA7.GPIO_Speed=GPIO_SPEED_FREQ_LOW
PF2.GPIOParameters=GPIO_Speed,PinState,GPIO_PuPd,GPIO_Label,GPIO_ModeDefaultOutputPP
PE7.GPIO_Speed=GPIO_SPEED_FREQ_LOW
PE14.Signal=GPIO_Output
Mcu.Pin37=PA11
Mcu.Pin38=PA12
Mcu.Pin35=PG7
RCC.I2C1Freq_Value=25000000
PE8.Signal=GPIO_Output
Mcu.Pin36=PG8
VP_SYS_VS_tim1.Signal=SYS_VS_tim1
RCC.PLLI2SPCLKFreq_Value=150000000
PG7.GPIO_Label=A1_2
Mcu.Pin39=PA13
RCC.RNGFreq_Value=150000000
PF4.GPIO_Label=A0_1
Mcu.Pin30=PG2
PA1.GPIO_Label=WR_0
RCC.EthernetFreq_Value=25000000
SH.ADCx_IN12.ConfNb=1
Mcu.Pin33=PG5
PA0/WKUP.GPIO_Label=EN_0
Mcu.Pin34=PG6
Mcu.Pin31=PG3
Mcu.Pin32=PG4
NVIC.NonMaskableInt_IRQn=true\:0\:0\:false\:false\:true\:false\:false
TIM2.Period=2000-1
PA0/WKUP.GPIO_PuPd=GPIO_NOPULL
PE7.Locked=true
ProjectManager.FreePins=false
RCC.PLLI2SQCLKFreq_Value=150000000
Mcu.Pin26=PE11
Mcu.Pin27=PE12
Mcu.Pin24=PE9
ProjectManager.UnderRoot=true
Mcu.Pin25=PE10
PE13.Locked=true
Mcu.Pin28=PE13
RCC.APB2TimCLKDivider=1
Mcu.Pin29=PE14
PA4.Signal=GPIO_Output
Mcu.Pin22=PE7
PG7.GPIO_ModeDefaultOutputPP=GPIO_MODE_OUTPUT_PP
Mcu.Pin23=PE8
Mcu.Pin20=PA6
ADC1.master=1
PA3.Locked=true
Mcu.Pin21=PA7
PE13.GPIO_Label=A1_3
PA5.GPIO_Label=A2_0
NVIC.ForceEnableDMAVector=true
PE11.GPIO_ModeDefaultOutputPP=GPIO_MODE_OUTPUT_PP
PC14/OSC32_IN.Locked=true
NVIC.MemoryManagement_IRQn=true\:0\:0\:false\:false\:true\:false\:false
ProjectManager.CompilerOptimize=6
PA11.Signal=CAN1_RX
ProjectManager.HeapSize=0x200
Mcu.Pin15=PA1
NVIC.HardFault_IRQn=true\:0\:0\:false\:false\:true\:false\:false
Mcu.Pin16=PA2
Mcu.Pin13=PC3
Mcu.Pin14=PA0/WKUP
Mcu.Pin19=PA5
ADC1.SamplingTime-5\#ChannelRegularConversion=ADC_SAMPLETIME_15CYCLES
NVIC.TIM1_UP_TIM10_IRQn=true\:0\:0\:false\:false\:true\:false\:true
ProjectManager.ComputerToolchain=false
Mcu.Pin17=PA3
Mcu.Pin18=PA4
NVIC.PriorityGroup=NVIC_PRIORITYGROUP_4
Mcu.Pin11=PC1
PF0.GPIO_Label=A4_1
Mcu.Pin12=PC2
Mcu.Pin10=PC0
TIM2.AutoReloadPreload=TIM_AUTORELOAD_PRELOAD_DISABLE
PA3.PinState=GPIO_PIN_SET
PF3.Locked=true
PE7.GPIO_ModeDefaultOutputPP=GPIO_MODE_OUTPUT_PP
PC15/OSC32_OUT.Signal=GPIO_Output
PF4.Signal=GPIO_Output
PE12.GPIOParameters=GPIO_Speed,PinState,GPIO_PuPd,GPIO_Label,GPIO_ModeDefaultOutputPP
PG3.GPIO_Label=CS_2
PG5.GPIO_Speed=GPIO_SPEED_FREQ_LOW
RCC.I2C2Freq_Value=25000000
RCC.SDMMC2Freq_Value=25000000
PA7.GPIOParameters=GPIO_Speed,PinState,GPIO_PuPd,GPIO_Label,GPIO_ModeDefaultOutputPP
ADC1.Rank-5\#ChannelRegularConversion=1
PC1.Signal=ADCx_IN11
PG7.GPIOParameters=GPIO_Speed,PinState,GPIO_PuPd,GPIO_Label,GPIO_ModeDefaultOutputPP
Mcu.Family=STM32F7
ProjectManager.MainLocation=Core/Src
PA2.GPIO_PuPd=GPIO_NOPULL
PE7.GPIO_PuPd=GPIO_NOPULL
RCC.SAI1Freq_Value=150000000
RCC.CortexFreq_Value=25000000
PC15/OSC32_OUT.GPIO_Label=CS_1
PG6.Signal=GPIO_Output
PG9.GPIOParameters=GPIO_Speed,GPIO_PuPd,GPIO_Label,GPIO_ModeDefaultOutputPP
ProjectManager.KeepUserCode=true
Mcu.UserName=STM32F767ZITx
ADC1.ContinuousConvMode=ENABLE
PG2.Signal=GPIO_Output
PE11.GPIO_Label=A3_3
PG6.Locked=true
PF1.PinState=GPIO_PIN_SET
PG2.Locked=true
PF4.GPIO_PuPd=GPIO_NOPULL
PF0.GPIOParameters=GPIO_Speed,PinState,GPIO_PuPd,GPIO_Label,GPIO_ModeDefaultOutputPP
ProjectManager.functionlistsort=1-MX_GPIO_Init-GPIO-false-HAL-true,2-SystemClock_Config-RCC-false-HAL-false,3-MX_ADC1_Init-ADC1-false-HAL-true,4-MX_CAN1_Init-CAN1-false-HAL-true,5-MX_TIM2_Init-TIM2-false-HAL-true,0-MX_CORTEX_M7_Init-CORTEX_M7-false-HAL-true
PA2.GPIO_Speed=GPIO_SPEED_FREQ_LOW
PE9.GPIO_Speed=GPIO_SPEED_FREQ_LOW
PA11.Mode=CAN_Activate
PA0/WKUP.Signal=GPIO_Output
PA7.GPIO_ModeDefaultOutputPP=GPIO_MODE_OUTPUT_PP
RCC.PLLI2SRCLKFreq_Value=150000000
RCC.USART2Freq_Value=25000000
PG9.GPIO_Speed=GPIO_SPEED_FREQ_LOW
PC13.GPIO_Label=EN_1
PG5.GPIO_Label=A3_2
PF2.GPIO_Speed=GPIO_SPEED_FREQ_LOW
ProjectManager.StackSize=0x400
PG2.GPIO_Speed=GPIO_SPEED_FREQ_LOW
PG3.GPIO_PuPd=GPIO_NOPULL
RCC.I2C3Freq_Value=25000000
Mcu.IP4=RCC
RCC.FCLKCortexFreq_Value=25000000
Mcu.IP5=SYS
Mcu.IP2=CORTEX_M7
PF3.GPIO_ModeDefaultOutputPP=GPIO_MODE_OUTPUT_PP
Mcu.IP3=NVIC
Mcu.IP0=ADC1
Mcu.IP1=CAN1
PA12.Signal=CAN1_TX
Mcu.UserConstants=
PA7.PinState=GPIO_PIN_SET
PF1.GPIOParameters=GPIO_Speed,PinState,GPIO_PuPd,GPIO_Label,GPIO_ModeDefaultOutputPP
RCC.SDMMCFreq_Value=25000000
PE11.GPIO_PuPd=GPIO_NOPULL
Mcu.ThirdPartyNb=0
PH0/OSC_IN.Mode=HSE-External-Oscillator
PG3.GPIO_ModeDefaultOutputPP=GPIO_MODE_OUTPUT_PP
RCC.HCLKFreq_Value=25000000
Mcu.IPNb=7
RCC.PLLI2SRoutputFreq_Value=150000000
ProjectManager.PreviousToolchain=STM32CubeIDE
PF1.Locked=true
RCC.SPDIFRXFreq_Value=150000000
PA0/WKUP.Locked=true
PG8.GPIOParameters=GPIO_Speed,PinState,GPIO_PuPd,GPIO_Label,GPIO_ModeDefaultOutputPP
PF2.GPIO_PuPd=GPIO_NOPULL
TIM2.ClockDivision=TIM_CLOCKDIVISION_DIV1
Mcu.Pin6=PF3
PG5.GPIO_PuPd=GPIO_NOPULL
Mcu.Pin7=PF4
Mcu.Pin8=PH0/OSC_IN
Mcu.Pin9=PH1/OSC_OUT
PE14.PinState=GPIO_PIN_SET
RCC.VCOSAIOutputFreq_Value=300000000
RCC.AHBFreq_Value=25000000
Mcu.Pin0=PC13
Mcu.Pin1=PC14/OSC32_IN
GPIO.groupedBy=Group By Peripherals
Mcu.Pin2=PC15/OSC32_OUT
Mcu.Pin3=PF0
Mcu.Pin4=PF1
Mcu.Pin5=PF2
RCC.HSE_VALUE=25000000
NVIC.DebugMonitor_IRQn=true\:0\:0\:false\:false\:true\:false\:false
PA4.GPIO_PuPd=GPIO_NOPULL
NVIC.SysTick_IRQn=true\:0\:0\:false\:false\:true\:false\:true
PE13.PinState=GPIO_PIN_SET
PE13.GPIO_PuPd=GPIO_NOPULL
PA4.GPIO_Speed=GPIO_SPEED_FREQ_LOW
PC15/OSC32_OUT.GPIOParameters=GPIO_PuPd,GPIO_Label,GPIO_ModeDefaultOutputPP
ADC1.Channel-6\#ChannelRegularConversion=ADC_CHANNEL_11
PA2.PinState=GPIO_PIN_RESET
PA6.GPIO_PuPd=GPIO_NOPULL
PE13.Signal=GPIO_Output
RCC.VCOInputFreq_Value=1562500
PG4.GPIO_Speed=GPIO_SPEED_FREQ_LOW
PE8.Locked=true
VP_SYS_VS_tim1.Mode=TIM1
File.Version=6
PC13.GPIO_PuPd=GPIO_NOPULL
PF0.GPIO_ModeDefaultOutputPP=GPIO_MODE_OUTPUT_PP
PE10.GPIO_ModeDefaultOutputPP=GPIO_MODE_OUTPUT_PP
SH.ADCx_IN13.ConfNb=1
PA0/WKUP.GPIO_Speed=GPIO_SPEED_FREQ_LOW
PG7.GPIO_PuPd=GPIO_NOPULL
PE10.GPIO_Speed=GPIO_SPEED_FREQ_LOW
PH1/OSC_OUT.Mode=HSE-External-Oscillator
ProjectManager.ProjectName=Temperaturauswertung
PG6.GPIO_ModeDefaultOutputPP=GPIO_MODE_OUTPUT_PP
PG4.PinState=GPIO_PIN_SET
PA6.Signal=GPIO_Output
PA7.Locked=true
PC14/OSC32_IN.Signal=GPIO_Output
ProjectManager.ToolChainLocation=
PA2.GPIO_Label=CS_0
RCC.LSI_VALUE=32000
PA4.GPIO_ModeDefaultOutputPP=GPIO_MODE_OUTPUT_PP
PF4.Locked=true
PG8.PinState=GPIO_PIN_SET
PE8.GPIO_ModeDefaultOutputPP=GPIO_MODE_OUTPUT_PP
PF0.Signal=GPIO_Output
PE7.Signal=GPIO_Output
ADC1.Rank-6\#ChannelRegularConversion=2
ADC1.SamplingTime-8\#ChannelRegularConversion=ADC_SAMPLETIME_15CYCLES
PF3.GPIO_Label=A1_1
PE12.Locked=true
PG2.GPIO_Label=WR_2
PA3.Signal=GPIO_Output
PA2.Locked=true
PE14.GPIO_ModeDefaultOutputPP=GPIO_MODE_OUTPUT_PP
PE10.PinState=GPIO_PIN_SET
RCC.PLLSourceVirtual=RCC_PLLSOURCE_HSE
RCC.I2SFreq_Value=150000000
PE8.GPIOParameters=GPIO_Speed,GPIO_PuPd,GPIO_Label,GPIO_ModeDefaultOutputPP
SH.ADCx_IN13.0=ADC1_IN13,IN13
PF2.GPIO_ModeDefaultOutputPP=GPIO_MODE_OUTPUT_PP
PG7.Locked=true
PG7.Signal=GPIO_Output
RCC.UART7Freq_Value=25000000
PE14.GPIOParameters=GPIO_Speed,PinState,GPIO_PuPd,GPIO_Label,GPIO_ModeDefaultOutputPP
PG4.GPIO_ModeDefaultOutputPP=GPIO_MODE_OUTPUT_PP
ProjectManager.NoMain=false
PG3.Signal=GPIO_Output
ADC1.Rank-8\#ChannelRegularConversion=4
RCC.PLLRFreq_Value=150000000
ProjectManager.DefaultFWLocation=true
PE14.GPIO_Label=A0_3
ProjectManager.DeletePrevious=true
RCC.FamilyName=M
PE9.GPIOParameters=GPIO_Speed,GPIO_PuPd,GPIO_Label,GPIO_ModeDefaultOutputPP
PF0.GPIO_Speed=GPIO_SPEED_FREQ_LOW
PG8.GPIO_Label=A0_2
PA13.Signal=SYS_JTMS-SWDIO
SH.ADCx_IN12.0=ADC1_IN12,IN12
PA4.PinState=GPIO_PIN_SET
CAN1.BS2=CAN_BS2_1TQ
CAN1.BS1=CAN_BS1_1TQ
ProjectManager.TargetToolchain=STM32CubeIDE
PE7.GPIOParameters=GPIO_Speed,GPIO_PuPd,GPIO_Label,GPIO_ModeDefaultOutputPP
PF2.Signal=GPIO_Output
ProjectManager.RegisterCallBack=
RCC.USBFreq_Value=150000000
RCC.PLLSAIoutputFreq_Value=150000000
PE11.Signal=GPIO_Output
RCC.LSE_VALUE=32768
PA1.Signal=GPIO_Output
PA7.GPIO_PuPd=GPIO_NOPULL
RCC.VCOI2SOutputFreq_Value=300000000
PG9.GPIO_Label=EN_2
RCC.PLLSAIPCLKFreq_Value=150000000
board=custom
RCC.VCOOutputFreq_Value=300000000
PH0/OSC_IN.Signal=RCC_OSC_IN
PG3.PinState=GPIO_PIN_RESET
PG7.GPIO_Speed=GPIO_SPEED_FREQ_LOW
RCC.APB2Freq_Value=25000000
RCC.UART4Freq_Value=25000000
SH.ADCx_IN11.0=ADC1_IN11,IN11
MxCube.Version=6.2.1
PG4.GPIOParameters=GPIO_Speed,PinState,GPIO_PuPd,GPIO_Label,GPIO_ModeDefaultOutputPP
PA5.GPIO_ModeDefaultOutputPP=GPIO_MODE_OUTPUT_PP
PF4.GPIO_Speed=GPIO_SPEED_FREQ_LOW
VP_TIM2_VS_ClockSourceINT.Mode=Internal
PC13.GPIOParameters=GPIO_PuPd,GPIO_Label,GPIO_ModeDefaultOutputPP
PA1.GPIO_Speed=GPIO_SPEED_FREQ_LOW
SH.ADCx_IN10.ConfNb=1
PF1.GPIO_PuPd=GPIO_NOPULL
PA4.GPIOParameters=GPIO_Speed,PinState,GPIO_PuPd,GPIO_Label,GPIO_ModeDefaultOutputPP
PF0.Locked=true
PE14.GPIO_PuPd=GPIO_NOPULL
PF1.Signal=GPIO_Output
RCC.UART5Freq_Value=25000000
ADC1.NbrOfConversion=4
RCC.IPParameters=AHBFreq_Value,APB1Freq_Value,APB1TimFreq_Value,APB2Freq_Value,APB2TimCLKDivider,APB2TimFreq_Value,CECFreq_Value,CortexFreq_Value,DFSDMAudioFreq_Value,DFSDMFreq_Value,EthernetFreq_Value,FCLKCortexFreq_Value,FamilyName,HCLKFreq_Value,HSE_VALUE,HSI_VALUE,I2C1Freq_Value,I2C2Freq_Value,I2C3Freq_Value,I2C4Freq_Value,I2SFreq_Value,LCDTFTFreq_Value,LPTIM1Freq_Value,LSE_VALUE,LSI_VALUE,MCO2PinFreq_Value,PLLCLKFreq_Value,PLLI2SPCLKFreq_Value,PLLI2SQCLKFreq_Value,PLLI2SRCLKFreq_Value,PLLI2SRoutputFreq_Value,PLLQCLKFreq_Value,PLLQoutputFreq_Value,PLLRFreq_Value,PLLSAIPCLKFreq_Value,PLLSAIQCLKFreq_Value,PLLSAIRCLKFreq_Value,PLLSAIoutputFreq_Value,PLLSourceVirtual,RNGFreq_Value,SAI1Freq_Value,SAI2Freq_Value,SDMMC2Freq_Value,SDMMCFreq_Value,SPDIFRXFreq_Value,SYSCLKFreq_VALUE,SYSCLKSource,UART4Freq_Value,UART5Freq_Value,UART7Freq_Value,UART8Freq_Value,USART1Freq_Value,USART2Freq_Value,USART3Freq_Value,USART6Freq_Value,USBFreq_Value,VCOI2SOutputFreq_Value,VCOInputFreq_Value,VCOOutputFreq_Value,VCOSAIOutputFreq_Value
PE11.Locked=true
ProjectManager.AskForMigrate=true
Mcu.Name=STM32F767ZITx
PF3.PinState=GPIO_PIN_SET
PE7.GPIO_Label=EN_3
PE12.Signal=GPIO_Output
PA2.Signal=GPIO_Output
PE12.PinState=GPIO_PIN_SET
Mcu.IP6=TIM2
ProjectManager.CoupleFile=false
RCC.SYSCLKFreq_VALUE=25000000
PF0.GPIO_PuPd=GPIO_NOPULL
PA7.GPIO_Label=A0_0
PA1.Locked=true
PA12.Mode=CAN_Activate
KeepUserPlacement=false
PE13.GPIO_ModeDefaultOutputPP=GPIO_MODE_OUTPUT_PP
PA13.Locked=true
PG3.GPIO_Speed=GPIO_SPEED_FREQ_LOW
PA14.Signal=SYS_JTCK-SWCLK
SH.ADCx_IN10.0=ADC1_IN10,IN10
PG9.GPIO_ModeDefaultOutputPP=GPIO_MODE_OUTPUT_PP
PG4.GPIO_PuPd=GPIO_NOPULL
RCC.HSI_VALUE=16000000
ADC1.Rank-7\#ChannelRegularConversion=3
PA5.GPIO_Speed=GPIO_SPEED_FREQ_LOW
ADC1.NbrOfConversionFlag=1
PE13.GPIO_Speed=GPIO_SPEED_FREQ_LOW
PE9.GPIO_ModeDefaultOutputPP=GPIO_MODE_OUTPUT_PP
ADC1.SamplingTime-7\#ChannelRegularConversion=ADC_SAMPLETIME_15CYCLES
RCC.APB1Freq_Value=25000000
ADC1.ClockPrescaler=ADC_CLOCK_SYNC_PCLK_DIV2
ProjectManager.DeviceId=STM32F767ZITx
PF0.PinState=GPIO_PIN_SET
ProjectManager.LibraryCopy=1
PA3.GPIO_Label=A4_0
PA7.Signal=GPIO_Output
PA1.GPIO_ModeDefaultOutputPP=GPIO_MODE_OUTPUT_PP
PE9.GPIO_PuPd=GPIO_NOPULL
PF2.GPIO_Label=A2_1
PA6.Locked=true
